// !$*UTF8*$!
{
	archiveVersion = 1;
	classes = {
	};
	objectVersion = 46;
	objects = {

/* Begin PBXBuildFile section */
		2B0A6C941C67E2DB00B529C2 /* AppDelegate.swift in Sources */ = {isa = PBXBuildFile; fileRef = 2B0A6C931C67E2DB00B529C2 /* AppDelegate.swift */; };
		2B0A6C961C67E2DB00B529C2 /* ViewController.swift in Sources */ = {isa = PBXBuildFile; fileRef = 2B0A6C951C67E2DB00B529C2 /* ViewController.swift */; };
		2B0A6C991C67E2DB00B529C2 /* Main.storyboard in Resources */ = {isa = PBXBuildFile; fileRef = 2B0A6C971C67E2DB00B529C2 /* Main.storyboard */; };
		2B0A6C9B1C67E2DB00B529C2 /* Assets.xcassets in Resources */ = {isa = PBXBuildFile; fileRef = 2B0A6C9A1C67E2DB00B529C2 /* Assets.xcassets */; };
		2B0A6C9E1C67E2DB00B529C2 /* LaunchScreen.storyboard in Resources */ = {isa = PBXBuildFile; fileRef = 2B0A6C9C1C67E2DB00B529C2 /* LaunchScreen.storyboard */; };
		2B0A6CA91C67E2DB00B529C2 /* dropboxTests.swift in Sources */ = {isa = PBXBuildFile; fileRef = 2B0A6CA81C67E2DB00B529C2 /* dropboxTests.swift */; };
		2B0A6CB41C67E2DB00B529C2 /* dropboxUITests.swift in Sources */ = {isa = PBXBuildFile; fileRef = 2B0A6CB31C67E2DB00B529C2 /* dropboxUITests.swift */; };
		2B0A6CC61C67EC7B00B529C2 /* SignInRootViewController.swift in Sources */ = {isa = PBXBuildFile; fileRef = 2B0A6CC51C67EC7B00B529C2 /* SignInRootViewController.swift */; };
		2B0A6CC81C67EE3600B529C2 /* CreateAccountRootViewController.swift in Sources */ = {isa = PBXBuildFile; fileRef = 2B0A6CC71C67EE3600B529C2 /* CreateAccountRootViewController.swift */; };
/* End PBXBuildFile section */

/* Begin PBXContainerItemProxy section */
		2B0A6CA51C67E2DB00B529C2 /* PBXContainerItemProxy */ = {
			isa = PBXContainerItemProxy;
			containerPortal = 2B0A6C881C67E2DB00B529C2 /* Project object */;
			proxyType = 1;
			remoteGlobalIDString = 2B0A6C8F1C67E2DB00B529C2;
			remoteInfo = dropbox;
		};
		2B0A6CB01C67E2DB00B529C2 /* PBXContainerItemProxy */ = {
			isa = PBXContainerItemProxy;
			containerPortal = 2B0A6C881C67E2DB00B529C2 /* Project object */;
			proxyType = 1;
			remoteGlobalIDString = 2B0A6C8F1C67E2DB00B529C2;
			remoteInfo = dropbox;
		};
/* End PBXContainerItemProxy section */

/* Begin PBXFileReference section */
		2B0A6C901C67E2DB00B529C2 /* dropbox.app */ = {isa = PBXFileReference; explicitFileType = wrapper.application; includeInIndex = 0; path = dropbox.app; sourceTree = BUILT_PRODUCTS_DIR; };
		2B0A6C931C67E2DB00B529C2 /* AppDelegate.swift */ = {isa = PBXFileReference; lastKnownFileType = sourcecode.swift; path = AppDelegate.swift; sourceTree = "<group>"; };
		2B0A6C951C67E2DB00B529C2 /* ViewController.swift */ = {isa = PBXFileReference; lastKnownFileType = sourcecode.swift; path = ViewController.swift; sourceTree = "<group>"; };
		2B0A6C981C67E2DB00B529C2 /* Base */ = {isa = PBXFileReference; lastKnownFileType = file.storyboard; name = Base; path = Base.lproj/Main.storyboard; sourceTree = "<group>"; };
		2B0A6C9A1C67E2DB00B529C2 /* Assets.xcassets */ = {isa = PBXFileReference; lastKnownFileType = folder.assetcatalog; path = Assets.xcassets; sourceTree = "<group>"; };
		2B0A6C9D1C67E2DB00B529C2 /* Base */ = {isa = PBXFileReference; lastKnownFileType = file.storyboard; name = Base; path = Base.lproj/LaunchScreen.storyboard; sourceTree = "<group>"; };
		2B0A6C9F1C67E2DB00B529C2 /* Info.plist */ = {isa = PBXFileReference; lastKnownFileType = text.plist.xml; path = Info.plist; sourceTree = "<group>"; };
		2B0A6CA41C67E2DB00B529C2 /* dropboxTests.xctest */ = {isa = PBXFileReference; explicitFileType = wrapper.cfbundle; includeInIndex = 0; path = dropboxTests.xctest; sourceTree = BUILT_PRODUCTS_DIR; };
		2B0A6CA81C67E2DB00B529C2 /* dropboxTests.swift */ = {isa = PBXFileReference; lastKnownFileType = sourcecode.swift; path = dropboxTests.swift; sourceTree = "<group>"; };
		2B0A6CAA1C67E2DB00B529C2 /* Info.plist */ = {isa = PBXFileReference; lastKnownFileType = text.plist.xml; path = Info.plist; sourceTree = "<group>"; };
		2B0A6CAF1C67E2DB00B529C2 /* dropboxUITests.xctest */ = {isa = PBXFileReference; explicitFileType = wrapper.cfbundle; includeInIndex = 0; path = dropboxUITests.xctest; sourceTree = BUILT_PRODUCTS_DIR; };
		2B0A6CB31C67E2DB00B529C2 /* dropboxUITests.swift */ = {isa = PBXFileReference; lastKnownFileType = sourcecode.swift; path = dropboxUITests.swift; sourceTree = "<group>"; };
		2B0A6CB51C67E2DB00B529C2 /* Info.plist */ = {isa = PBXFileReference; lastKnownFileType = text.plist.xml; path = Info.plist; sourceTree = "<group>"; };
		2B0A6CC51C67EC7B00B529C2 /* SignInRootViewController.swift */ = {isa = PBXFileReference; fileEncoding = 4; lastKnownFileType = sourcecode.swift; path = SignInRootViewController.swift; sourceTree = "<group>"; };
		2B0A6CC71C67EE3600B529C2 /* CreateAccountRootViewController.swift */ = {isa = PBXFileReference; fileEncoding = 4; lastKnownFileType = sourcecode.swift; path = CreateAccountRootViewController.swift; sourceTree = "<group>"; };
/* End PBXFileReference section */

/* Begin PBXFrameworksBuildPhase section */
		2B0A6C8D1C67E2DB00B529C2 /* Frameworks */ = {
			isa = PBXFrameworksBuildPhase;
			buildActionMask = 2147483647;
			files = (
			);
			runOnlyForDeploymentPostprocessing = 0;
		};
		2B0A6CA11C67E2DB00B529C2 /* Frameworks */ = {
			isa = PBXFrameworksBuildPhase;
			buildActionMask = 2147483647;
			files = (
			);
			runOnlyForDeploymentPostprocessing = 0;
		};
		2B0A6CAC1C67E2DB00B529C2 /* Frameworks */ = {
			isa = PBXFrameworksBuildPhase;
			buildActionMask = 2147483647;
			files = (
			);
			runOnlyForDeploymentPostprocessing = 0;
		};
/* End PBXFrameworksBuildPhase section */

/* Begin PBXGroup section */
		2B0A6C871C67E2DB00B529C2 = {
			isa = PBXGroup;
			children = (
				2B0A6C921C67E2DB00B529C2 /* dropbox */,
				2B0A6CA71C67E2DB00B529C2 /* dropboxTests */,
				2B0A6CB21C67E2DB00B529C2 /* dropboxUITests */,
				2B0A6C911C67E2DB00B529C2 /* Products */,
			);
			sourceTree = "<group>";
		};
		2B0A6C911C67E2DB00B529C2 /* Products */ = {
			isa = PBXGroup;
			children = (
				2B0A6C901C67E2DB00B529C2 /* dropbox.app */,
				2B0A6CA41C67E2DB00B529C2 /* dropboxTests.xctest */,
				2B0A6CAF1C67E2DB00B529C2 /* dropboxUITests.xctest */,
			);
			name = Products;
			sourceTree = "<group>";
		};
		2B0A6C921C67E2DB00B529C2 /* dropbox */ = {
			isa = PBXGroup;
			children = (
				2B0A6C931C67E2DB00B529C2 /* AppDelegate.swift */,
				2B0A6C951C67E2DB00B529C2 /* ViewController.swift */,
				2B0A6C971C67E2DB00B529C2 /* Main.storyboard */,
				2B0A6C9A1C67E2DB00B529C2 /* Assets.xcassets */,
				2B0A6C9C1C67E2DB00B529C2 /* LaunchScreen.storyboard */,
				2B0A6C9F1C67E2DB00B529C2 /* Info.plist */,
				2B0A6CC51C67EC7B00B529C2 /* SignInRootViewController.swift */,
				2B0A6CC71C67EE3600B529C2 /* CreateAccountRootViewController.swift */,
			);
			path = dropbox;
			sourceTree = "<group>";
		};
		2B0A6CA71C67E2DB00B529C2 /* dropboxTests */ = {
			isa = PBXGroup;
			children = (
				2B0A6CA81C67E2DB00B529C2 /* dropboxTests.swift */,
				2B0A6CAA1C67E2DB00B529C2 /* Info.plist */,
			);
			path = dropboxTests;
			sourceTree = "<group>";
		};
		2B0A6CB21C67E2DB00B529C2 /* dropboxUITests */ = {
			isa = PBXGroup;
			children = (
				2B0A6CB31C67E2DB00B529C2 /* dropboxUITests.swift */,
				2B0A6CB51C67E2DB00B529C2 /* Info.plist */,
			);
			path = dropboxUITests;
			sourceTree = "<group>";
		};
/* End PBXGroup section */

/* Begin PBXNativeTarget section */
		2B0A6C8F1C67E2DB00B529C2 /* dropbox */ = {
			isa = PBXNativeTarget;
			buildConfigurationList = 2B0A6CB81C67E2DB00B529C2 /* Build configuration list for PBXNativeTarget "dropbox" */;
			buildPhases = (
				2B0A6C8C1C67E2DB00B529C2 /* Sources */,
				2B0A6C8D1C67E2DB00B529C2 /* Frameworks */,
				2B0A6C8E1C67E2DB00B529C2 /* Resources */,
			);
			buildRules = (
			);
			dependencies = (
			);
			name = dropbox;
			productName = dropbox;
			productReference = 2B0A6C901C67E2DB00B529C2 /* dropbox.app */;
			productType = "com.apple.product-type.application";
		};
		2B0A6CA31C67E2DB00B529C2 /* dropboxTests */ = {
			isa = PBXNativeTarget;
			buildConfigurationList = 2B0A6CBB1C67E2DB00B529C2 /* Build configuration list for PBXNativeTarget "dropboxTests" */;
			buildPhases = (
				2B0A6CA01C67E2DB00B529C2 /* Sources */,
				2B0A6CA11C67E2DB00B529C2 /* Frameworks */,
				2B0A6CA21C67E2DB00B529C2 /* Resources */,
			);
			buildRules = (
			);
			dependencies = (
				2B0A6CA61C67E2DB00B529C2 /* PBXTargetDependency */,
			);
			name = dropboxTests;
			productName = dropboxTests;
			productReference = 2B0A6CA41C67E2DB00B529C2 /* dropboxTests.xctest */;
			productType = "com.apple.product-type.bundle.unit-test";
		};
		2B0A6CAE1C67E2DB00B529C2 /* dropboxUITests */ = {
			isa = PBXNativeTarget;
			buildConfigurationList = 2B0A6CBE1C67E2DB00B529C2 /* Build configuration list for PBXNativeTarget "dropboxUITests" */;
			buildPhases = (
				2B0A6CAB1C67E2DB00B529C2 /* Sources */,
				2B0A6CAC1C67E2DB00B529C2 /* Frameworks */,
				2B0A6CAD1C67E2DB00B529C2 /* Resources */,
			);
			buildRules = (
			);
			dependencies = (
				2B0A6CB11C67E2DB00B529C2 /* PBXTargetDependency */,
			);
			name = dropboxUITests;
			productName = dropboxUITests;
			productReference = 2B0A6CAF1C67E2DB00B529C2 /* dropboxUITests.xctest */;
			productType = "com.apple.product-type.bundle.ui-testing";
		};
/* End PBXNativeTarget section */

/* Begin PBXProject section */
		2B0A6C881C67E2DB00B529C2 /* Project object */ = {
			isa = PBXProject;
			attributes = {
				LastSwiftUpdateCheck = 0720;
				LastUpgradeCheck = 0720;
				ORGANIZATIONNAME = "Charlie Yuan";
				TargetAttributes = {
					2B0A6C8F1C67E2DB00B529C2 = {
						CreatedOnToolsVersion = 7.2;
						DevelopmentTeam = W8D2V2ZM6M;
					};
					2B0A6CA31C67E2DB00B529C2 = {
						CreatedOnToolsVersion = 7.2;
						DevelopmentTeam = W8D2V2ZM6M;
						TestTargetID = 2B0A6C8F1C67E2DB00B529C2;
					};
					2B0A6CAE1C67E2DB00B529C2 = {
						CreatedOnToolsVersion = 7.2;
						DevelopmentTeam = W8D2V2ZM6M;
						TestTargetID = 2B0A6C8F1C67E2DB00B529C2;
					};
				};
			};
			buildConfigurationList = 2B0A6C8B1C67E2DB00B529C2 /* Build configuration list for PBXProject "dropbox" */;
			compatibilityVersion = "Xcode 3.2";
			developmentRegion = English;
			hasScannedForEncodings = 0;
			knownRegions = (
				en,
				Base,
			);
			mainGroup = 2B0A6C871C67E2DB00B529C2;
			productRefGroup = 2B0A6C911C67E2DB00B529C2 /* Products */;
			projectDirPath = "";
			projectRoot = "";
			targets = (
				2B0A6C8F1C67E2DB00B529C2 /* dropbox */,
				2B0A6CA31C67E2DB00B529C2 /* dropboxTests */,
				2B0A6CAE1C67E2DB00B529C2 /* dropboxUITests */,
			);
		};
/* End PBXProject section */

/* Begin PBXResourcesBuildPhase section */
		2B0A6C8E1C67E2DB00B529C2 /* Resources */ = {
			isa = PBXResourcesBuildPhase;
			buildActionMask = 2147483647;
			files = (
				2B0A6C9E1C67E2DB00B529C2 /* LaunchScreen.storyboard in Resources */,
				2B0A6C9B1C67E2DB00B529C2 /* Assets.xcassets in Resources */,
				2B0A6C991C67E2DB00B529C2 /* Main.storyboard in Resources */,
			);
			runOnlyForDeploymentPostprocessing = 0;
		};
		2B0A6CA21C67E2DB00B529C2 /* Resources */ = {
			isa = PBXResourcesBuildPhase;
			buildActionMask = 2147483647;
			files = (
			);
			runOnlyForDeploymentPostprocessing = 0;
		};
		2B0A6CAD1C67E2DB00B529C2 /* Resources */ = {
			isa = PBXResourcesBuildPhase;
			buildActionMask = 2147483647;
			files = (
			);
			runOnlyForDeploymentPostprocessing = 0;
		};
/* End PBXResourcesBuildPhase section */

/* Begin PBXSourcesBuildPhase section */
		2B0A6C8C1C67E2DB00B529C2 /* Sources */ = {
			isa = PBXSourcesBuildPhase;
			buildActionMask = 2147483647;
			files = (
				2B0A6CC81C67EE3600B529C2 /* CreateAccountRootViewController.swift in Sources */,
				2B0A6CC61C67EC7B00B529C2 /* SignInRootViewController.swift in Sources */,
				2B0A6C961C67E2DB00B529C2 /* ViewController.swift in Sources */,
				2B0A6C941C67E2DB00B529C2 /* AppDelegate.swift in Sources */,
			);
			runOnlyForDeploymentPostprocessing = 0;
		};
		2B0A6CA01C67E2DB00B529C2 /* Sources */ = {
			isa = PBXSourcesBuildPhase;
			buildActionMask = 2147483647;
			files = (
				2B0A6CA91C67E2DB00B529C2 /* dropboxTests.swift in Sources */,
			);
			runOnlyForDeploymentPostprocessing = 0;
		};
		2B0A6CAB1C67E2DB00B529C2 /* Sources */ = {
			isa = PBXSourcesBuildPhase;
			buildActionMask = 2147483647;
			files = (
				2B0A6CB41C67E2DB00B529C2 /* dropboxUITests.swift in Sources */,
			);
			runOnlyForDeploymentPostprocessing = 0;
		};
/* End PBXSourcesBuildPhase section */

/* Begin PBXTargetDependency section */
		2B0A6CA61C67E2DB00B529C2 /* PBXTargetDependency */ = {
			isa = PBXTargetDependency;
			target = 2B0A6C8F1C67E2DB00B529C2 /* dropbox */;
			targetProxy = 2B0A6CA51C67E2DB00B529C2 /* PBXContainerItemProxy */;
		};
		2B0A6CB11C67E2DB00B529C2 /* PBXTargetDependency */ = {
			isa = PBXTargetDependency;
			target = 2B0A6C8F1C67E2DB00B529C2 /* dropbox */;
			targetProxy = 2B0A6CB01C67E2DB00B529C2 /* PBXContainerItemProxy */;
		};
/* End PBXTargetDependency section */

/* Begin PBXVariantGroup section */
		2B0A6C971C67E2DB00B529C2 /* Main.storyboard */ = {
			isa = PBXVariantGroup;
			children = (
				2B0A6C981C67E2DB00B529C2 /* Base */,
			);
			name = Main.storyboard;
			sourceTree = "<group>";
		};
		2B0A6C9C1C67E2DB00B529C2 /* LaunchScreen.storyboard */ = {
			isa = PBXVariantGroup;
			children = (
				2B0A6C9D1C67E2DB00B529C2 /* Base */,
			);
			name = LaunchScreen.storyboard;
			sourceTree = "<group>";
		};
/* End PBXVariantGroup section */

/* Begin XCBuildConfiguration section */
		2B0A6CB61C67E2DB00B529C2 /* Debug */ = {
			isa = XCBuildConfiguration;
			buildSettings = {
				ALWAYS_SEARCH_USER_PATHS = NO;
				CLANG_CXX_LANGUAGE_STANDARD = "gnu++0x";
				CLANG_CXX_LIBRARY = "libc++";
				CLANG_ENABLE_MODULES = YES;
				CLANG_ENABLE_OBJC_ARC = YES;
				CLANG_WARN_BOOL_CONVERSION = YES;
				CLANG_WARN_CONSTANT_CONVERSION = YES;
				CLANG_WARN_DIRECT_OBJC_ISA_USAGE = YES_ERROR;
				CLANG_WARN_EMPTY_BODY = YES;
				CLANG_WARN_ENUM_CONVERSION = YES;
				CLANG_WARN_INT_CONVERSION = YES;
				CLANG_WARN_OBJC_ROOT_CLASS = YES_ERROR;
				CLANG_WARN_UNREACHABLE_CODE = YES;
				CLANG_WARN__DUPLICATE_METHOD_MATCH = YES;
				"CODE_SIGN_IDENTITY[sdk=iphoneos*]" = "iPhone Developer";
				COPY_PHASE_STRIP = NO;
				DEBUG_INFORMATION_FORMAT = dwarf;
				ENABLE_STRICT_OBJC_MSGSEND = YES;
				ENABLE_TESTABILITY = YES;
				GCC_C_LANGUAGE_STANDARD = gnu99;
				GCC_DYNAMIC_NO_PIC = NO;
				GCC_NO_COMMON_BLOCKS = YES;
				GCC_OPTIMIZATION_LEVEL = 0;
				GCC_PREPROCESSOR_DEFINITIONS = (
					"DEBUG=1",
					"$(inherited)",
				);
				GCC_WARN_64_TO_32_BIT_CONVERSION = YES;
				GCC_WARN_ABOUT_RETURN_TYPE = YES_ERROR;
				GCC_WARN_UNDECLARED_SELECTOR = YES;
				GCC_WARN_UNINITIALIZED_AUTOS = YES_AGGRESSIVE;
				GCC_WARN_UNUSED_FUNCTION = YES;
				GCC_WARN_UNUSED_VARIABLE = YES;
				IPHONEOS_DEPLOYMENT_TARGET = 9.2;
				MTL_ENABLE_DEBUG_INFO = YES;
				ONLY_ACTIVE_ARCH = YES;
				SDKROOT = iphoneos;
				SWIFT_OPTIMIZATION_LEVEL = "-Onone";
			};
			name = Debug;
		};
		2B0A6CB71C67E2DB00B529C2 /* Release */ = {
			isa = XCBuildConfiguration;
			buildSettings = {
				ALWAYS_SEARCH_USER_PATHS = NO;
				CLANG_CXX_LANGUAGE_STANDARD = "gnu++0x";
				CLANG_CXX_LIBRARY = "libc++";
				CLANG_ENABLE_MODULES = YES;
				CLANG_ENABLE_OBJC_ARC = YES;
				CLANG_WARN_BOOL_CONVERSION = YES;
				CLANG_WARN_CONSTANT_CONVERSION = YES;
				CLANG_WARN_DIRECT_OBJC_ISA_USAGE = YES_ERROR;
				CLANG_WARN_EMPTY_BODY = YES;
				CLANG_WARN_ENUM_CONVERSION = YES;
				CLANG_WARN_INT_CONVERSION = YES;
				CLANG_WARN_OBJC_ROOT_CLASS = YES_ERROR;
				CLANG_WARN_UNREACHABLE_CODE = YES;
				CLANG_WARN__DUPLICATE_METHOD_MATCH = YES;
				"CODE_SIGN_IDENTITY[sdk=iphoneos*]" = "iPhone Developer";
				COPY_PHASE_STRIP = NO;
				DEBUG_INFORMATION_FORMAT = "dwarf-with-dsym";
				ENABLE_NS_ASSERTIONS = NO;
				ENABLE_STRICT_OBJC_MSGSEND = YES;
				GCC_C_LANGUAGE_STANDARD = gnu99;
				GCC_NO_COMMON_BLOCKS = YES;
				GCC_WARN_64_TO_32_BIT_CONVERSION = YES;
				GCC_WARN_ABOUT_RETURN_TYPE = YES_ERROR;
				GCC_WARN_UNDECLARED_SELECTOR = YES;
				GCC_WARN_UNINITIALIZED_AUTOS = YES_AGGRESSIVE;
				GCC_WARN_UNUSED_FUNCTION = YES;
				GCC_WARN_UNUSED_VARIABLE = YES;
				IPHONEOS_DEPLOYMENT_TARGET = 9.2;
				MTL_ENABLE_DEBUG_INFO = NO;
				SDKROOT = iphoneos;
				VALIDATE_PRODUCT = YES;
			};
			name = Release;
		};
		2B0A6CB91C67E2DB00B529C2 /* Debug */ = {
			isa = XCBuildConfiguration;
			buildSettings = {
				ASSETCATALOG_COMPILER_APPICON_NAME = AppIcon;
				INFOPLIST_FILE = dropbox/Info.plist;
				LD_RUNPATH_SEARCH_PATHS = "$(inherited) @executable_path/Frameworks";
				PRODUCT_BUNDLE_IDENTIFIER = cly.dropbox;
				PRODUCT_NAME = "$(TARGET_NAME)";
			};
			name = Debug;
		};
		2B0A6CBA1C67E2DB00B529C2 /* Release */ = {
			isa = XCBuildConfiguration;
			buildSettings = {
				ASSETCATALOG_COMPILER_APPICON_NAME = AppIcon;
				INFOPLIST_FILE = dropbox/Info.plist;
				LD_RUNPATH_SEARCH_PATHS = "$(inherited) @executable_path/Frameworks";
				PRODUCT_BUNDLE_IDENTIFIER = cly.dropbox;
				PRODUCT_NAME = "$(TARGET_NAME)";
			};
			name = Release;
		};
		2B0A6CBC1C67E2DB00B529C2 /* Debug */ = {
			isa = XCBuildConfiguration;
			buildSettings = {
				BUNDLE_LOADER = "$(TEST_HOST)";
				INFOPLIST_FILE = dropboxTests/Info.plist;
				LD_RUNPATH_SEARCH_PATHS = "$(inherited) @executable_path/Frameworks @loader_path/Frameworks";
				PRODUCT_BUNDLE_IDENTIFIER = cly.dropboxTests;
				PRODUCT_NAME = "$(TARGET_NAME)";
				TEST_HOST = "$(BUILT_PRODUCTS_DIR)/dropbox.app/dropbox";
			};
			name = Debug;
		};
		2B0A6CBD1C67E2DB00B529C2 /* Release */ = {
			isa = XCBuildConfiguration;
			buildSettings = {
				BUNDLE_LOADER = "$(TEST_HOST)";
				INFOPLIST_FILE = dropboxTests/Info.plist;
				LD_RUNPATH_SEARCH_PATHS = "$(inherited) @executable_path/Frameworks @loader_path/Frameworks";
				PRODUCT_BUNDLE_IDENTIFIER = cly.dropboxTests;
				PRODUCT_NAME = "$(TARGET_NAME)";
				TEST_HOST = "$(BUILT_PRODUCTS_DIR)/dropbox.app/dropbox";
			};
			name = Release;
		};
		2B0A6CBF1C67E2DB00B529C2 /* Debug */ = {
			isa = XCBuildConfiguration;
			buildSettings = {
				INFOPLIST_FILE = dropboxUITests/Info.plist;
				LD_RUNPATH_SEARCH_PATHS = "$(inherited) @executable_path/Frameworks @loader_path/Frameworks";
				PRODUCT_BUNDLE_IDENTIFIER = cly.dropboxUITests;
				PRODUCT_NAME = "$(TARGET_NAME)";
				TEST_TARGET_NAME = dropbox;
				USES_XCTRUNNER = YES;
			};
			name = Debug;
		};
		2B0A6CC01C67E2DB00B529C2 /* Release */ = {
			isa = XCBuildConfiguration;
			buildSettings = {
				INFOPLIST_FILE = dropboxUITests/Info.plist;
				LD_RUNPATH_SEARCH_PATHS = "$(inherited) @executable_path/Frameworks @loader_path/Frameworks";
				PRODUCT_BUNDLE_IDENTIFIER = cly.dropboxUITests;
				PRODUCT_NAME = "$(TARGET_NAME)";
				TEST_TARGET_NAME = dropbox;
				USES_XCTRUNNER = YES;
			};
			name = Release;
		};
/* End XCBuildConfiguration section */

/* Begin XCConfigurationList section */
		2B0A6C8B1C67E2DB00B529C2 /* Build configuration list for PBXProject "dropbox" */ = {
			isa = XCConfigurationList;
			buildConfigurations = (
				2B0A6CB61C67E2DB00B529C2 /* Debug */,
				2B0A6CB71C67E2DB00B529C2 /* Release */,
			);
			defaultConfigurationIsVisible = 0;
			defaultConfigurationName = Release;
		};
		2B0A6CB81C67E2DB00B529C2 /* Build configuration list for PBXNativeTarget "dropbox" */ = {
			isa = XCConfigurationList;
			buildConfigurations = (
				2B0A6CB91C67E2DB00B529C2 /* Debug */,
				2B0A6CBA1C67E2DB00B529C2 /* Release */,
			);
			defaultConfigurationIsVisible = 0;
		};
		2B0A6CBB1C67E2DB00B529C2 /* Build configuration list for PBXNativeTarget "dropboxTests" */ = {
			isa = XCConfigurationList;
			buildConfigurations = (
				2B0A6CBC1C67E2DB00B529C2 /* Debug */,
				2B0A6CBD1C67E2DB00B529C2 /* Release */,
			);
			defaultConfigurationIsVisible = 0;
		};
		2B0A6CBE1C67E2DB00B529C2 /* Build configuration list for PBXNativeTarget "dropboxUITests" */ = {
			isa = XCConfigurationList;
			buildConfigurations = (
				2B0A6CBF1C67E2DB00B529C2 /* Debug */,
				2B0A6CC01C67E2DB00B529C2 /* Release */,
			);
			defaultConfigurationIsVisible = 0;
		};
/* End XCConfigurationList section */
	};
	rootObject = 2B0A6C881C67E2DB00B529C2 /* Project object */;
}
